// !$*UTF8*$!
{
	archiveVersion = 1;
	classes = {
	};
	objectVersion = 46;
	objects = {

/* Begin PBXBuildFile section */
		F2D96EAC1E7CBBCC005F32C7 /* AppDelegate.swift in Sources */ = {isa = PBXBuildFile; fileRef = F2D96EAB1E7CBBCC005F32C7 /* AppDelegate.swift */; };
		F2D96EAE1E7CBBCC005F32C7 /* ViewController.swift in Sources */ = {isa = PBXBuildFile; fileRef = F2D96EAD1E7CBBCC005F32C7 /* ViewController.swift */; };
		F2D96EB11E7CBBCC005F32C7 /* Main.storyboard in Resources */ = {isa = PBXBuildFile; fileRef = F2D96EAF1E7CBBCC005F32C7 /* Main.storyboard */; };
		F2D96EB41E7CBBCC005F32C7 /* Bullet.xcdatamodeld in Sources */ = {isa = PBXBuildFile; fileRef = F2D96EB21E7CBBCC005F32C7 /* Bullet.xcdatamodeld */; };
		F2D96EB61E7CBBCC005F32C7 /* Assets.xcassets in Resources */ = {isa = PBXBuildFile; fileRef = F2D96EB51E7CBBCC005F32C7 /* Assets.xcassets */; };
		F2D96EB91E7CBBCC005F32C7 /* LaunchScreen.storyboard in Resources */ = {isa = PBXBuildFile; fileRef = F2D96EB71E7CBBCC005F32C7 /* LaunchScreen.storyboard */; };
/* End PBXBuildFile section */

/* Begin PBXFileReference section */
		F2D96EA81E7CBBCC005F32C7 /* Bullet.app */ = {isa = PBXFileReference; explicitFileType = wrapper.application; includeInIndex = 0; path = Bullet.app; sourceTree = BUILT_PRODUCTS_DIR; };
		F2D96EAB1E7CBBCC005F32C7 /* AppDelegate.swift */ = {isa = PBXFileReference; lastKnownFileType = sourcecode.swift; path = AppDelegate.swift; sourceTree = "<group>"; };
		F2D96EAD1E7CBBCC005F32C7 /* ViewController.swift */ = {isa = PBXFileReference; lastKnownFileType = sourcecode.swift; path = ViewController.swift; sourceTree = "<group>"; };
		F2D96EB01E7CBBCC005F32C7 /* Base */ = {isa = PBXFileReference; lastKnownFileType = file.storyboard; name = Base; path = Base.lproj/Main.storyboard; sourceTree = "<group>"; };
		F2D96EB31E7CBBCC005F32C7 /* Bullet.xcdatamodel */ = {isa = PBXFileReference; lastKnownFileType = wrapper.xcdatamodel; path = Bullet.xcdatamodel; sourceTree = "<group>"; };
		F2D96EB51E7CBBCC005F32C7 /* Assets.xcassets */ = {isa = PBXFileReference; lastKnownFileType = folder.assetcatalog; path = Assets.xcassets; sourceTree = "<group>"; };
		F2D96EB81E7CBBCC005F32C7 /* Base */ = {isa = PBXFileReference; lastKnownFileType = file.storyboard; name = Base; path = Base.lproj/LaunchScreen.storyboard; sourceTree = "<group>"; };
		F2D96EBA1E7CBBCC005F32C7 /* Info.plist */ = {isa = PBXFileReference; lastKnownFileType = text.plist.xml; path = Info.plist; sourceTree = "<group>"; };
/* End PBXFileReference section */

/* Begin PBXFrameworksBuildPhase section */
		F2D96EA51E7CBBCC005F32C7 /* Frameworks */ = {
			isa = PBXFrameworksBuildPhase;
			buildActionMask = 2147483647;
			files = (
			);
			runOnlyForDeploymentPostprocessing = 0;
		};
/* End PBXFrameworksBuildPhase section */

/* Begin PBXGroup section */
		F2D96E9F1E7CBBCC005F32C7 = {
			isa = PBXGroup;
			children = (
				F2D96EAA1E7CBBCC005F32C7 /* Bullet */,
				F2D96EA91E7CBBCC005F32C7 /* Products */,
			);
			sourceTree = "<group>";
		};
		F2D96EA91E7CBBCC005F32C7 /* Products */ = {
			isa = PBXGroup;
			children = (
				F2D96EA81E7CBBCC005F32C7 /* Bullet.app */,
			);
			name = Products;
			sourceTree = "<group>";
		};
		F2D96EAA1E7CBBCC005F32C7 /* Bullet */ = {
			isa = PBXGroup;
			children = (
				F2D96EAB1E7CBBCC005F32C7 /* AppDelegate.swift */,
				F2D96EAD1E7CBBCC005F32C7 /* ViewController.swift */,
				F2D96EAF1E7CBBCC005F32C7 /* Main.storyboard */,
				F2D96EB51E7CBBCC005F32C7 /* Assets.xcassets */,
				F2D96EB71E7CBBCC005F32C7 /* LaunchScreen.storyboard */,
				F2D96EBA1E7CBBCC005F32C7 /* Info.plist */,
				F2D96EB21E7CBBCC005F32C7 /* Bullet.xcdatamodeld */,
			);
			path = Bullet;
			sourceTree = "<group>";
		};
/* End PBXGroup section */

/* Begin PBXNativeTarget section */
		F2D96EA71E7CBBCC005F32C7 /* Bullet */ = {
			isa = PBXNativeTarget;
			buildConfigurationList = F2D96EBD1E7CBBCC005F32C7 /* Build configuration list for PBXNativeTarget "Bullet" */;
			buildPhases = (
				F2D96EA41E7CBBCC005F32C7 /* Sources */,
				F2D96EA51E7CBBCC005F32C7 /* Frameworks */,
				F2D96EA61E7CBBCC005F32C7 /* Resources */,
			);
			buildRules = (
			);
			dependencies = (
			);
			name = Bullet;
			productName = Bullet;
			productReference = F2D96EA81E7CBBCC005F32C7 /* Bullet.app */;
			productType = "com.apple.product-type.application";
		};
/* End PBXNativeTarget section */

/* Begin PBXProject section */
		F2D96EA01E7CBBCC005F32C7 /* Project object */ = {
			isa = PBXProject;
			attributes = {
				LastSwiftUpdateCheck = 0820;
				LastUpgradeCheck = 0820;
				ORGANIZATIONNAME = "Andrew Jiang";
				TargetAttributes = {
					F2D96EA71E7CBBCC005F32C7 = {
						CreatedOnToolsVersion = 8.2.1;
						DevelopmentTeam = K565TGBZ43;
						ProvisioningStyle = Automatic;
					};
				};
			};
			buildConfigurationList = F2D96EA31E7CBBCC005F32C7 /* Build configuration list for PBXProject "Bullet" */;
			compatibilityVersion = "Xcode 3.2";
			developmentRegion = English;
			hasScannedForEncodings = 0;
			knownRegions = (
				en,
				Base,
			);
			mainGroup = F2D96E9F1E7CBBCC005F32C7;
			productRefGroup = F2D96EA91E7CBBCC005F32C7 /* Products */;
			projectDirPath = "";
			projectRoot = "";
			targets = (
				F2D96EA71E7CBBCC005F32C7 /* Bullet */,
			);
		};
/* End PBXProject section */

/* Begin PBXResourcesBuildPhase section */
		F2D96EA61E7CBBCC005F32C7 /* Resources */ = {
			isa = PBXResourcesBuildPhase;
			buildActionMask = 2147483647;
			files = (
				F2D96EB91E7CBBCC005F32C7 /* LaunchScreen.storyboard in Resources */,
				F2D96EB61E7CBBCC005F32C7 /* Assets.xcassets in Resources */,
				F2D96EB11E7CBBCC005F32C7 /* Main.storyboard in Resources */,
			);
			runOnlyForDeploymentPostprocessing = 0;
		};
/* End PBXResourcesBuildPhase section */

/* Begin PBXSourcesBuildPhase section */
		F2D96EA41E7CBBCC005F32C7 /* Sources */ = {
			isa = PBXSourcesBuildPhase;
			buildActionMask = 2147483647;
			files = (
				F2D96EAE1E7CBBCC005F32C7 /* ViewController.swift in Sources */,
				F2D96EAC1E7CBBCC005F32C7 /* AppDelegate.swift in Sources */,
				F2D96EB41E7CBBCC005F32C7 /* Bullet.xcdatamodeld in Sources */,
			);
			runOnlyForDeploymentPostprocessing = 0;
		};
/* End PBXSourcesBuildPhase section */

/* Begin PBXVariantGroup section */
		F2D96EAF1E7CBBCC005F32C7 /* Main.storyboard */ = {
			isa = PBXVariantGroup;
			children = (
				F2D96EB01E7CBBCC005F32C7 /* Base */,
			);
			name = Main.storyboard;
			sourceTree = "<group>";
		};
		F2D96EB71E7CBBCC005F32C7 /* LaunchScreen.storyboard */ = {
			isa = PBXVariantGroup;
			children = (
				F2D96EB81E7CBBCC005F32C7 /* Base */,
			);
			name = LaunchScreen.storyboard;
			sourceTree = "<group>";
		};
/* End PBXVariantGroup section */

/* Begin XCBuildConfiguration section */
		F2D96EBB1E7CBBCC005F32C7 /* Debug */ = {
			isa = XCBuildConfiguration;
			buildSettings = {
				ALWAYS_SEARCH_USER_PATHS = NO;
				CLANG_ANALYZER_NONNULL = YES;
				CLANG_CXX_LANGUAGE_STANDARD = "gnu++0x";
				CLANG_CXX_LIBRARY = "libc++";
				CLANG_ENABLE_MODULES = YES;
				CLANG_ENABLE_OBJC_ARC = YES;
				CLANG_WARN_BOOL_CONVERSION = YES;
				CLANG_WARN_CONSTANT_CONVERSION = YES;
				CLANG_WARN_DIRECT_OBJC_ISA_USAGE = YES_ERROR;
				CLANG_WARN_DOCUMENTATION_COMMENTS = YES;
				CLANG_WARN_EMPTY_BODY = YES;
				CLANG_WARN_ENUM_CONVERSION = YES;
				CLANG_WARN_INFINITE_RECURSION = YES;
				CLANG_WARN_INT_CONVERSION = YES;
				CLANG_WARN_OBJC_ROOT_CLASS = YES_ERROR;
				CLANG_WARN_SUSPICIOUS_MOVE = YES;
				CLANG_WARN_UNREACHABLE_CODE = YES;
				CLANG_WARN__DUPLICATE_METHOD_MATCH = YES;
				"CODE_SIGN_IDENTITY[sdk=iphoneos*]" = "iPhone Developer";
				COPY_PHASE_STRIP = NO;
				DEBUG_INFORMATION_FORMAT = dwarf;
				ENABLE_STRICT_OBJC_MSGSEND = YES;
				ENABLE_TESTABILITY = YES;
				GCC_C_LANGUAGE_STANDARD = gnu99;
				GCC_DYNAMIC_NO_PIC = NO;
				GCC_NO_COMMON_BLOCKS = YES;
				GCC_OPTIMIZATION_LEVEL = 0;
				GCC_PREPROCESSOR_DEFINITIONS = (
					"DEBUG=1",
					"$(inherited)",
				);
				GCC_WARN_64_TO_32_BIT_CONVERSION = YES;
				GCC_WARN_ABOUT_RETURN_TYPE = YES_ERROR;
				GCC_WARN_UNDECLARED_SELECTOR = YES;
				GCC_WARN_UNINITIALIZED_AUTOS = YES_AGGRESSIVE;
				GCC_WARN_UNUSED_FUNCTION = YES;
				GCC_WARN_UNUSED_VARIABLE = YES;
				IPHONEOS_DEPLOYMENT_TARGET = 10.2;
				MTL_ENABLE_DEBUG_INFO = YES;
				ONLY_ACTIVE_ARCH = YES;
				SDKROOT = iphoneos;
				SWIFT_ACTIVE_COMPILATION_CONDITIONS = DEBUG;
				SWIFT_OPTIMIZATION_LEVEL = "-Onone";
			};
			name = Debug;
		};
		F2D96EBC1E7CBBCC005F32C7 /* Release */ = {
			isa = XCBuildConfiguration;
			buildSettings = {
				ALWAYS_SEARCH_USER_PATHS = NO;
				CLANG_ANALYZER_NONNULL = YES;
				CLANG_CXX_LANGUAGE_STANDARD = "gnu++0x";
				CLANG_CXX_LIBRARY = "libc++";
				CLANG_ENABLE_MODULES = YES;
				CLANG_ENABLE_OBJC_ARC = YES;
				CLANG_WARN_BOOL_CONVERSION = YES;
				CLANG_WARN_CONSTANT_CONVERSION = YES;
				CLANG_WARN_DIRECT_OBJC_ISA_USAGE = YES_ERROR;
				CLANG_WARN_DOCUMENTATION_COMMENTS = YES;
				CLANG_WARN_EMPTY_BODY = YES;
				CLANG_WARN_ENUM_CONVERSION = YES;
				CLANG_WARN_INFINITE_RECURSION = YES;
				CLANG_WARN_INT_CONVERSION = YES;
				CLANG_WARN_OBJC_ROOT_CLASS = YES_ERROR;
				CLANG_WARN_SUSPICIOUS_MOVE = YES;
				CLANG_WARN_UNREACHABLE_CODE = YES;
				CLANG_WARN__DUPLICATE_METHOD_MATCH = YES;
				"CODE_SIGN_IDENTITY[sdk=iphoneos*]" = "iPhone Developer";
				COPY_PHASE_STRIP = NO;
				DEBUG_INFORMATION_FORMAT = "dwarf-with-dsym";
				ENABLE_NS_ASSERTIONS = NO;
				ENABLE_STRICT_OBJC_MSGSEND = YES;
				GCC_C_LANGUAGE_STANDARD = gnu99;
				GCC_NO_COMMON_BLOCKS = YES;
				GCC_WARN_64_TO_32_BIT_CONVERSION = YES;
				GCC_WARN_ABOUT_RETURN_TYPE = YES_ERROR;
				GCC_WARN_UNDECLARED_SELECTOR = YES;
				GCC_WARN_UNINITIALIZED_AUTOS = YES_AGGRESSIVE;
				GCC_WARN_UNUSED_FUNCTION = YES;
				GCC_WARN_UNUSED_VARIABLE = YES;
				IPHONEOS_DEPLOYMENT_TARGET = 10.2;
				MTL_ENABLE_DEBUG_INFO = NO;
				SDKROOT = iphoneos;
				SWIFT_OPTIMIZATION_LEVEL = "-Owholemodule";
				VALIDATE_PRODUCT = YES;
			};
			name = Release;
		};
		F2D96EBE1E7CBBCC005F32C7 /* Debug */ = {
			isa = XCBuildConfiguration;
			buildSettings = {
				ASSETCATALOG_COMPILER_APPICON_NAME = AppIcon;
				DEVELOPMENT_TEAM = K565TGBZ43;
				INFOPLIST_FILE = Bullet/Info.plist;
				LD_RUNPATH_SEARCH_PATHS = "$(inherited) @executable_path/Frameworks";
				PRODUCT_BUNDLE_IDENTIFIER = com.andrewjiang.Bullet;
				PRODUCT_NAME = "$(TARGET_NAME)";
				SWIFT_VERSION = 3.0;
			};
			name = Debug;
		};
		F2D96EBF1E7CBBCC005F32C7 /* Release */ = {
			isa = XCBuildConfiguration;
			buildSettings = {
				ASSETCATALOG_COMPILER_APPICON_NAME = AppIcon;
				DEVELOPMENT_TEAM = K565TGBZ43;
				INFOPLIST_FILE = Bullet/Info.plist;
				LD_RUNPATH_SEARCH_PATHS = "$(inherited) @executable_path/Frameworks";
				PRODUCT_BUNDLE_IDENTIFIER = com.andrewjiang.Bullet;
				PRODUCT_NAME = "$(TARGET_NAME)";
				SWIFT_VERSION = 3.0;
			};
			name = Release;
		};
/* End XCBuildConfiguration section */

/* Begin XCConfigurationList section */
		F2D96EA31E7CBBCC005F32C7 /* Build configuration list for PBXProject "Bullet" */ = {
			isa = XCConfigurationList;
			buildConfigurations = (
				F2D96EBB1E7CBBCC005F32C7 /* Debug */,
				F2D96EBC1E7CBBCC005F32C7 /* Release */,
			);
			defaultConfigurationIsVisible = 0;
			defaultConfigurationName = Release;
		};
		F2D96EBD1E7CBBCC005F32C7 /* Build configuration list for PBXNativeTarget "Bullet" */ = {
			isa = XCConfigurationList;
			buildConfigurations = (
				F2D96EBE1E7CBBCC005F32C7 /* Debug */,
				F2D96EBF1E7CBBCC005F32C7 /* Release */,
			);
			defaultConfigurationIsVisible = 0;
		};
/* End XCConfigurationList section */

/* Begin XCVersionGroup section */
		F2D96EB21E7CBBCC005F32C7 /* Bullet.xcdatamodeld */ = {
			isa = XCVersionGroup;
			children = (
				F2D96EB31E7CBBCC005F32C7 /* Bullet.xcdatamodel */,
			);
			currentVersion = F2D96EB31E7CBBCC005F32C7 /* Bullet.xcdatamodel */;
			path = Bullet.xcdatamodeld;
			sourceTree = "<group>";
			versionGroupType = wrapper.xcdatamodel;
		};
/* End XCVersionGroup section */
	};
	rootObject = F2D96EA01E7CBBCC005F32C7 /* Project object */;
}
