// !$*UTF8*$!
{
	archiveVersion = 1;
	classes = {
	};
	objectVersion = 46;
	objects = {

/* Begin PBXBuildFile section */
		F23D10101E7D2602006CC9FF /* NotesToCarouselSegue.swift in Sources */ = {isa = PBXBuildFile; fileRef = F23D100F1E7D2602006CC9FF /* NotesToCarouselSegue.swift */; };
		F23D10121E7D2610006CC9FF /* CarouselToNotesSegue.swift in Sources */ = {isa = PBXBuildFile; fileRef = F23D10111E7D2610006CC9FF /* CarouselToNotesSegue.swift */; };
		F23D10141E7D261D006CC9FF /* CarouselToArchiveSegue.swift in Sources */ = {isa = PBXBuildFile; fileRef = F23D10131E7D261D006CC9FF /* CarouselToArchiveSegue.swift */; };
		F23D10161E7D262B006CC9FF /* ArchiveToCarouselSegue.swift in Sources */ = {isa = PBXBuildFile; fileRef = F23D10151E7D262B006CC9FF /* ArchiveToCarouselSegue.swift */; };
		F23D10181E7D2F76006CC9FF /* Notes.storyboard in Resources */ = {isa = PBXBuildFile; fileRef = F23D10171E7D2F76006CC9FF /* Notes.storyboard */; };
		F23D101A1E7D2F8A006CC9FF /* Carousel.storyboard in Resources */ = {isa = PBXBuildFile; fileRef = F23D10191E7D2F8A006CC9FF /* Carousel.storyboard */; };
		F23D101C1E7D2F95006CC9FF /* Archive.storyboard in Resources */ = {isa = PBXBuildFile; fileRef = F23D101B1E7D2F95006CC9FF /* Archive.storyboard */; };
		F23D101E1E7D3468006CC9FF /* MainToNotesSegue.swift in Sources */ = {isa = PBXBuildFile; fileRef = F23D101D1E7D3468006CC9FF /* MainToNotesSegue.swift */; };
		F23D10201E7D362D006CC9FF /* CarouselCollectionViewController.swift in Sources */ = {isa = PBXBuildFile; fileRef = F23D101F1E7D362D006CC9FF /* CarouselCollectionViewController.swift */; };
		F23D10221E7D4F7A006CC9FF /* NotesTableCell.swift in Sources */ = {isa = PBXBuildFile; fileRef = F23D10211E7D4F7A006CC9FF /* NotesTableCell.swift */; };
		F23D10241E7DD2B7006CC9FF /* NotesWithBulletTableCell.swift in Sources */ = {isa = PBXBuildFile; fileRef = F23D10231E7DD2B7006CC9FF /* NotesWithBulletTableCell.swift */; };
		F23D10261E7DE801006CC9FF /* NotesPagingViewController.swift in Sources */ = {isa = PBXBuildFile; fileRef = F23D10251E7DE801006CC9FF /* NotesPagingViewController.swift */; };
		F2D96EAC1E7CBBCC005F32C7 /* AppDelegate.swift in Sources */ = {isa = PBXBuildFile; fileRef = F2D96EAB1E7CBBCC005F32C7 /* AppDelegate.swift */; };
		F2D96EAE1E7CBBCC005F32C7 /* MainViewController.swift in Sources */ = {isa = PBXBuildFile; fileRef = F2D96EAD1E7CBBCC005F32C7 /* MainViewController.swift */; };
		F2D96EB11E7CBBCC005F32C7 /* Main.storyboard in Resources */ = {isa = PBXBuildFile; fileRef = F2D96EAF1E7CBBCC005F32C7 /* Main.storyboard */; };
		F2D96EB41E7CBBCC005F32C7 /* Bullet.xcdatamodeld in Sources */ = {isa = PBXBuildFile; fileRef = F2D96EB21E7CBBCC005F32C7 /* Bullet.xcdatamodeld */; };
		F2D96EB61E7CBBCC005F32C7 /* Assets.xcassets in Resources */ = {isa = PBXBuildFile; fileRef = F2D96EB51E7CBBCC005F32C7 /* Assets.xcassets */; };
		F2D96EB91E7CBBCC005F32C7 /* LaunchScreen.storyboard in Resources */ = {isa = PBXBuildFile; fileRef = F2D96EB71E7CBBCC005F32C7 /* LaunchScreen.storyboard */; };
		F2D96EC91E7CBF5E005F32C7 /* CarouselPageViewController.swift in Sources */ = {isa = PBXBuildFile; fileRef = F2D96EC81E7CBF5E005F32C7 /* CarouselPageViewController.swift */; };
		F2D96ECC1E7CBF76005F32C7 /* NotesTableViewController.swift in Sources */ = {isa = PBXBuildFile; fileRef = F2D96ECA1E7CBF76005F32C7 /* NotesTableViewController.swift */; };
		F2D96EDA1E7CC0AA005F32C7 /* SearchViewController.swift in Sources */ = {isa = PBXBuildFile; fileRef = F2D96ED81E7CC0AA005F32C7 /* SearchViewController.swift */; };
		F2D96EDE1E7CC0D3005F32C7 /* CarouselViewController.swift in Sources */ = {isa = PBXBuildFile; fileRef = F2D96EDC1E7CC0D3005F32C7 /* CarouselViewController.swift */; };
		F2D96EE41E7CC0F4005F32C7 /* NotesViewController.swift in Sources */ = {isa = PBXBuildFile; fileRef = F2D96EE21E7CC0F4005F32C7 /* NotesViewController.swift */; };
		F2D96EE81E7CC151005F32C7 /* Entry.swift in Sources */ = {isa = PBXBuildFile; fileRef = F2D96EE71E7CC151005F32C7 /* Entry.swift */; };
		F2D96EEA1E7CC165005F32C7 /* Page.swift in Sources */ = {isa = PBXBuildFile; fileRef = F2D96EE91E7CC165005F32C7 /* Page.swift */; };
		F2D96EEF1E7CC18B005F32C7 /* ArchiveTableViewController.swift in Sources */ = {isa = PBXBuildFile; fileRef = F2D96EED1E7CC18B005F32C7 /* ArchiveTableViewController.swift */; };
		F2D96EF71E7CC1E3005F32C7 /* ArchiveCollectionViewController.swift in Sources */ = {isa = PBXBuildFile; fileRef = F2D96EF51E7CC1E3005F32C7 /* ArchiveCollectionViewController.swift */; };
		F2D96EFA1E7CC642005F32C7 /* DateConstants.swift in Sources */ = {isa = PBXBuildFile; fileRef = F2D96EF91E7CC642005F32C7 /* DateConstants.swift */; };
/* End PBXBuildFile section */

/* Begin PBXFileReference section */
		F23D100F1E7D2602006CC9FF /* NotesToCarouselSegue.swift */ = {isa = PBXFileReference; fileEncoding = 4; lastKnownFileType = sourcecode.swift; path = NotesToCarouselSegue.swift; sourceTree = "<group>"; };
		F23D10111E7D2610006CC9FF /* CarouselToNotesSegue.swift */ = {isa = PBXFileReference; fileEncoding = 4; lastKnownFileType = sourcecode.swift; path = CarouselToNotesSegue.swift; sourceTree = "<group>"; };
		F23D10131E7D261D006CC9FF /* CarouselToArchiveSegue.swift */ = {isa = PBXFileReference; fileEncoding = 4; lastKnownFileType = sourcecode.swift; path = CarouselToArchiveSegue.swift; sourceTree = "<group>"; };
		F23D10151E7D262B006CC9FF /* ArchiveToCarouselSegue.swift */ = {isa = PBXFileReference; fileEncoding = 4; lastKnownFileType = sourcecode.swift; path = ArchiveToCarouselSegue.swift; sourceTree = "<group>"; };
		F23D10171E7D2F76006CC9FF /* Notes.storyboard */ = {isa = PBXFileReference; fileEncoding = 4; lastKnownFileType = file.storyboard; path = Notes.storyboard; sourceTree = "<group>"; };
		F23D10191E7D2F8A006CC9FF /* Carousel.storyboard */ = {isa = PBXFileReference; fileEncoding = 4; lastKnownFileType = file.storyboard; path = Carousel.storyboard; sourceTree = "<group>"; };
		F23D101B1E7D2F95006CC9FF /* Archive.storyboard */ = {isa = PBXFileReference; fileEncoding = 4; lastKnownFileType = file.storyboard; path = Archive.storyboard; sourceTree = "<group>"; };
		F23D101D1E7D3468006CC9FF /* MainToNotesSegue.swift */ = {isa = PBXFileReference; fileEncoding = 4; lastKnownFileType = sourcecode.swift; path = MainToNotesSegue.swift; sourceTree = "<group>"; };
		F23D101F1E7D362D006CC9FF /* CarouselCollectionViewController.swift */ = {isa = PBXFileReference; fileEncoding = 4; lastKnownFileType = sourcecode.swift; path = CarouselCollectionViewController.swift; sourceTree = "<group>"; };
		F23D10211E7D4F7A006CC9FF /* NotesTableCell.swift */ = {isa = PBXFileReference; fileEncoding = 4; lastKnownFileType = sourcecode.swift; path = NotesTableCell.swift; sourceTree = "<group>"; };
		F23D10231E7DD2B7006CC9FF /* NotesWithBulletTableCell.swift */ = {isa = PBXFileReference; fileEncoding = 4; lastKnownFileType = sourcecode.swift; path = NotesWithBulletTableCell.swift; sourceTree = "<group>"; };
		F23D10251E7DE801006CC9FF /* NotesPagingViewController.swift */ = {isa = PBXFileReference; fileEncoding = 4; lastKnownFileType = sourcecode.swift; path = NotesPagingViewController.swift; sourceTree = "<group>"; };
		F2D96EA81E7CBBCC005F32C7 /* Bullet.app */ = {isa = PBXFileReference; explicitFileType = wrapper.application; includeInIndex = 0; path = Bullet.app; sourceTree = BUILT_PRODUCTS_DIR; };
		F2D96EAB1E7CBBCC005F32C7 /* AppDelegate.swift */ = {isa = PBXFileReference; lastKnownFileType = sourcecode.swift; path = AppDelegate.swift; sourceTree = "<group>"; };
		F2D96EAD1E7CBBCC005F32C7 /* MainViewController.swift */ = {isa = PBXFileReference; lastKnownFileType = sourcecode.swift; path = MainViewController.swift; sourceTree = "<group>"; };
		F2D96EB01E7CBBCC005F32C7 /* Base */ = {isa = PBXFileReference; lastKnownFileType = file.storyboard; name = Base; path = Base.lproj/Main.storyboard; sourceTree = "<group>"; };
		F2D96EB31E7CBBCC005F32C7 /* Bullet.xcdatamodel */ = {isa = PBXFileReference; lastKnownFileType = wrapper.xcdatamodel; path = Bullet.xcdatamodel; sourceTree = "<group>"; };
		F2D96EB51E7CBBCC005F32C7 /* Assets.xcassets */ = {isa = PBXFileReference; lastKnownFileType = folder.assetcatalog; path = Assets.xcassets; sourceTree = "<group>"; };
		F2D96EB81E7CBBCC005F32C7 /* Base */ = {isa = PBXFileReference; lastKnownFileType = file.storyboard; name = Base; path = Base.lproj/LaunchScreen.storyboard; sourceTree = "<group>"; };
		F2D96EBA1E7CBBCC005F32C7 /* Info.plist */ = {isa = PBXFileReference; lastKnownFileType = text.plist.xml; path = Info.plist; sourceTree = "<group>"; };
		F2D96EC81E7CBF5E005F32C7 /* CarouselPageViewController.swift */ = {isa = PBXFileReference; fileEncoding = 4; lastKnownFileType = sourcecode.swift; path = CarouselPageViewController.swift; sourceTree = "<group>"; };
		F2D96ECA1E7CBF76005F32C7 /* NotesTableViewController.swift */ = {isa = PBXFileReference; fileEncoding = 4; lastKnownFileType = sourcecode.swift; path = NotesTableViewController.swift; sourceTree = "<group>"; };
		F2D96ED81E7CC0AA005F32C7 /* SearchViewController.swift */ = {isa = PBXFileReference; fileEncoding = 4; lastKnownFileType = sourcecode.swift; path = SearchViewController.swift; sourceTree = "<group>"; };
		F2D96EDC1E7CC0D3005F32C7 /* CarouselViewController.swift */ = {isa = PBXFileReference; fileEncoding = 4; lastKnownFileType = sourcecode.swift; path = CarouselViewController.swift; sourceTree = "<group>"; };
		F2D96EE21E7CC0F4005F32C7 /* NotesViewController.swift */ = {isa = PBXFileReference; fileEncoding = 4; lastKnownFileType = sourcecode.swift; path = NotesViewController.swift; sourceTree = "<group>"; };
		F2D96EE71E7CC151005F32C7 /* Entry.swift */ = {isa = PBXFileReference; fileEncoding = 4; lastKnownFileType = sourcecode.swift; path = Entry.swift; sourceTree = "<group>"; };
		F2D96EE91E7CC165005F32C7 /* Page.swift */ = {isa = PBXFileReference; fileEncoding = 4; lastKnownFileType = sourcecode.swift; path = Page.swift; sourceTree = "<group>"; };
		F2D96EED1E7CC18B005F32C7 /* ArchiveTableViewController.swift */ = {isa = PBXFileReference; fileEncoding = 4; lastKnownFileType = sourcecode.swift; path = ArchiveTableViewController.swift; sourceTree = "<group>"; };
		F2D96EF51E7CC1E3005F32C7 /* ArchiveCollectionViewController.swift */ = {isa = PBXFileReference; fileEncoding = 4; lastKnownFileType = sourcecode.swift; path = ArchiveCollectionViewController.swift; sourceTree = "<group>"; };
		F2D96EF91E7CC642005F32C7 /* DateConstants.swift */ = {isa = PBXFileReference; fileEncoding = 4; lastKnownFileType = sourcecode.swift; path = DateConstants.swift; sourceTree = "<group>"; };
/* End PBXFileReference section */

/* Begin PBXFrameworksBuildPhase section */
		F2D96EA51E7CBBCC005F32C7 /* Frameworks */ = {
			isa = PBXFrameworksBuildPhase;
			buildActionMask = 2147483647;
			files = (
			);
			runOnlyForDeploymentPostprocessing = 0;
		};
/* End PBXFrameworksBuildPhase section */

/* Begin PBXGroup section */
		F2D96E9F1E7CBBCC005F32C7 = {
			isa = PBXGroup;
			children = (
				F2D96EAA1E7CBBCC005F32C7 /* Bullet */,
				F2D96EA91E7CBBCC005F32C7 /* Products */,
			);
			sourceTree = "<group>";
		};
		F2D96EA91E7CBBCC005F32C7 /* Products */ = {
			isa = PBXGroup;
			children = (
				F2D96EA81E7CBBCC005F32C7 /* Bullet.app */,
			);
			name = Products;
			sourceTree = "<group>";
		};
		F2D96EAA1E7CBBCC005F32C7 /* Bullet */ = {
			isa = PBXGroup;
			children = (
				F2D96EAB1E7CBBCC005F32C7 /* AppDelegate.swift */,
				F2D96EAF1E7CBBCC005F32C7 /* Main.storyboard */,
				F2D96EAD1E7CBBCC005F32C7 /* MainViewController.swift */,
				F23D101D1E7D3468006CC9FF /* MainToNotesSegue.swift */,
				F2D96EB51E7CBBCC005F32C7 /* Assets.xcassets */,
				F2D96EB71E7CBBCC005F32C7 /* LaunchScreen.storyboard */,
				F2D96EBA1E7CBBCC005F32C7 /* Info.plist */,
				F2D96EB21E7CBBCC005F32C7 /* Bullet.xcdatamodeld */,
				F2D96EE61E7CC12C005F32C7 /* Models */,
				F2D96ECE1E7CBFA0005F32C7 /* NotesMVC */,
				F2D96ECF1E7CBFAB005F32C7 /* CarouselMVC */,
				F2D96ED01E7CBFB2005F32C7 /* ArchiveMVC */,
				F2D96ED71E7CC06F005F32C7 /* SearchMVC */,
			);
			path = Bullet;
			sourceTree = "<group>";
		};
		F2D96ECE1E7CBFA0005F32C7 /* NotesMVC */ = {
			isa = PBXGroup;
			children = (
				F23D10171E7D2F76006CC9FF /* Notes.storyboard */,
				F23D10251E7DE801006CC9FF /* NotesPagingViewController.swift */,
				F2D96EE21E7CC0F4005F32C7 /* NotesViewController.swift */,
				F2D96ECA1E7CBF76005F32C7 /* NotesTableViewController.swift */,
				F23D10211E7D4F7A006CC9FF /* NotesTableCell.swift */,
				F23D10231E7DD2B7006CC9FF /* NotesWithBulletTableCell.swift */,
				F23D100F1E7D2602006CC9FF /* NotesToCarouselSegue.swift */,
			);
			name = NotesMVC;
			sourceTree = "<group>";
		};
		F2D96ECF1E7CBFAB005F32C7 /* CarouselMVC */ = {
			isa = PBXGroup;
			children = (
				F23D101F1E7D362D006CC9FF /* CarouselCollectionViewController.swift */,
				F23D10191E7D2F8A006CC9FF /* Carousel.storyboard */,
				F2D96EC81E7CBF5E005F32C7 /* CarouselPageViewController.swift */,
				F2D96EDC1E7CC0D3005F32C7 /* CarouselViewController.swift */,
				F23D10111E7D2610006CC9FF /* CarouselToNotesSegue.swift */,
				F23D10131E7D261D006CC9FF /* CarouselToArchiveSegue.swift */,
			);
			name = CarouselMVC;
			sourceTree = "<group>";
		};
		F2D96ED01E7CBFB2005F32C7 /* ArchiveMVC */ = {
			isa = PBXGroup;
			children = (
				F23D101B1E7D2F95006CC9FF /* Archive.storyboard */,
				F2D96EED1E7CC18B005F32C7 /* ArchiveTableViewController.swift */,
				F2D96EF51E7CC1E3005F32C7 /* ArchiveCollectionViewController.swift */,
				F23D10151E7D262B006CC9FF /* ArchiveToCarouselSegue.swift */,
			);
			name = ArchiveMVC;
			sourceTree = "<group>";
		};
		F2D96ED71E7CC06F005F32C7 /* SearchMVC */ = {
			isa = PBXGroup;
			children = (
				F2D96ED81E7CC0AA005F32C7 /* SearchViewController.swift */,
			);
			name = SearchMVC;
			sourceTree = "<group>";
		};
		F2D96EE61E7CC12C005F32C7 /* Models */ = {
			isa = PBXGroup;
			children = (
				F2D96EE71E7CC151005F32C7 /* Entry.swift */,
				F2D96EE91E7CC165005F32C7 /* Page.swift */,
				F2D96EF91E7CC642005F32C7 /* DateConstants.swift */,
			);
			name = Models;
			sourceTree = "<group>";
		};
/* End PBXGroup section */

/* Begin PBXNativeTarget section */
		F2D96EA71E7CBBCC005F32C7 /* Bullet */ = {
			isa = PBXNativeTarget;
			buildConfigurationList = F2D96EBD1E7CBBCC005F32C7 /* Build configuration list for PBXNativeTarget "Bullet" */;
			buildPhases = (
				F2D96EA41E7CBBCC005F32C7 /* Sources */,
				F2D96EA51E7CBBCC005F32C7 /* Frameworks */,
				F2D96EA61E7CBBCC005F32C7 /* Resources */,
			);
			buildRules = (
			);
			dependencies = (
			);
			name = Bullet;
			productName = Bullet;
			productReference = F2D96EA81E7CBBCC005F32C7 /* Bullet.app */;
			productType = "com.apple.product-type.application";
		};
/* End PBXNativeTarget section */

/* Begin PBXProject section */
		F2D96EA01E7CBBCC005F32C7 /* Project object */ = {
			isa = PBXProject;
			attributes = {
				LastSwiftUpdateCheck = 0820;
				LastUpgradeCheck = 0820;
				ORGANIZATIONNAME = "Andrew Jiang";
				TargetAttributes = {
					F2D96EA71E7CBBCC005F32C7 = {
						CreatedOnToolsVersion = 8.2.1;
						DevelopmentTeam = K565TGBZ43;
						ProvisioningStyle = Automatic;
					};
				};
			};
			buildConfigurationList = F2D96EA31E7CBBCC005F32C7 /* Build configuration list for PBXProject "Bullet" */;
			compatibilityVersion = "Xcode 3.2";
			developmentRegion = English;
			hasScannedForEncodings = 0;
			knownRegions = (
				en,
				Base,
			);
			mainGroup = F2D96E9F1E7CBBCC005F32C7;
			productRefGroup = F2D96EA91E7CBBCC005F32C7 /* Products */;
			projectDirPath = "";
			projectRoot = "";
			targets = (
				F2D96EA71E7CBBCC005F32C7 /* Bullet */,
			);
		};
/* End PBXProject section */

/* Begin PBXResourcesBuildPhase section */
		F2D96EA61E7CBBCC005F32C7 /* Resources */ = {
			isa = PBXResourcesBuildPhase;
			buildActionMask = 2147483647;
			files = (
				F23D10181E7D2F76006CC9FF /* Notes.storyboard in Resources */,
				F2D96EB91E7CBBCC005F32C7 /* LaunchScreen.storyboard in Resources */,
				F23D101A1E7D2F8A006CC9FF /* Carousel.storyboard in Resources */,
				F23D101C1E7D2F95006CC9FF /* Archive.storyboard in Resources */,
				F2D96EB61E7CBBCC005F32C7 /* Assets.xcassets in Resources */,
				F2D96EB11E7CBBCC005F32C7 /* Main.storyboard in Resources */,
			);
			runOnlyForDeploymentPostprocessing = 0;
		};
/* End PBXResourcesBuildPhase section */

/* Begin PBXSourcesBuildPhase section */
		F2D96EA41E7CBBCC005F32C7 /* Sources */ = {
			isa = PBXSourcesBuildPhase;
			buildActionMask = 2147483647;
			files = (
				F2D96EDE1E7CC0D3005F32C7 /* CarouselViewController.swift in Sources */,
				F2D96EEA1E7CC165005F32C7 /* Page.swift in Sources */,
				F2D96EDA1E7CC0AA005F32C7 /* SearchViewController.swift in Sources */,
				F2D96EE41E7CC0F4005F32C7 /* NotesViewController.swift in Sources */,
				F23D10141E7D261D006CC9FF /* CarouselToArchiveSegue.swift in Sources */,
				F2D96EEF1E7CC18B005F32C7 /* ArchiveTableViewController.swift in Sources */,
				F2D96ECC1E7CBF76005F32C7 /* NotesTableViewController.swift in Sources */,
				F23D10221E7D4F7A006CC9FF /* NotesTableCell.swift in Sources */,
				F2D96EC91E7CBF5E005F32C7 /* CarouselPageViewController.swift in Sources */,
				F23D10241E7DD2B7006CC9FF /* NotesWithBulletTableCell.swift in Sources */,
				F23D10121E7D2610006CC9FF /* CarouselToNotesSegue.swift in Sources */,
				F23D10101E7D2602006CC9FF /* NotesToCarouselSegue.swift in Sources */,
				F2D96EE81E7CC151005F32C7 /* Entry.swift in Sources */,
				F23D101E1E7D3468006CC9FF /* MainToNotesSegue.swift in Sources */,
				F23D10261E7DE801006CC9FF /* NotesPagingViewController.swift in Sources */,
				F2D96EAE1E7CBBCC005F32C7 /* MainViewController.swift in Sources */,
				F2D96EAC1E7CBBCC005F32C7 /* AppDelegate.swift in Sources */,
				F2D96EF71E7CC1E3005F32C7 /* ArchiveCollectionViewController.swift in Sources */,
				F2D96EFA1E7CC642005F32C7 /* DateConstants.swift in Sources */,
				F23D10201E7D362D006CC9FF /* CarouselCollectionViewController.swift in Sources */,
				F2D96EB41E7CBBCC005F32C7 /* Bullet.xcdatamodeld in Sources */,
				F23D10161E7D262B006CC9FF /* ArchiveToCarouselSegue.swift in Sources */,
			);
			runOnlyForDeploymentPostprocessing = 0;
		};
/* End PBXSourcesBuildPhase section */

/* Begin PBXVariantGroup section */
		F2D96EAF1E7CBBCC005F32C7 /* Main.storyboard */ = {
			isa = PBXVariantGroup;
			children = (
				F2D96EB01E7CBBCC005F32C7 /* Base */,
			);
			name = Main.storyboard;
			sourceTree = "<group>";
		};
		F2D96EB71E7CBBCC005F32C7 /* LaunchScreen.storyboard */ = {
			isa = PBXVariantGroup;
			children = (
				F2D96EB81E7CBBCC005F32C7 /* Base */,
			);
			name = LaunchScreen.storyboard;
			sourceTree = "<group>";
		};
/* End PBXVariantGroup section */

/* Begin XCBuildConfiguration section */
		F2D96EBB1E7CBBCC005F32C7 /* Debug */ = {
			isa = XCBuildConfiguration;
			buildSettings = {
				ALWAYS_SEARCH_USER_PATHS = NO;
				CLANG_ANALYZER_NONNULL = YES;
				CLANG_CXX_LANGUAGE_STANDARD = "gnu++0x";
				CLANG_CXX_LIBRARY = "libc++";
				CLANG_ENABLE_MODULES = YES;
				CLANG_ENABLE_OBJC_ARC = YES;
				CLANG_WARN_BOOL_CONVERSION = YES;
				CLANG_WARN_CONSTANT_CONVERSION = YES;
				CLANG_WARN_DIRECT_OBJC_ISA_USAGE = YES_ERROR;
				CLANG_WARN_DOCUMENTATION_COMMENTS = YES;
				CLANG_WARN_EMPTY_BODY = YES;
				CLANG_WARN_ENUM_CONVERSION = YES;
				CLANG_WARN_INFINITE_RECURSION = YES;
				CLANG_WARN_INT_CONVERSION = YES;
				CLANG_WARN_OBJC_ROOT_CLASS = YES_ERROR;
				CLANG_WARN_SUSPICIOUS_MOVE = YES;
				CLANG_WARN_UNREACHABLE_CODE = YES;
				CLANG_WARN__DUPLICATE_METHOD_MATCH = YES;
				"CODE_SIGN_IDENTITY[sdk=iphoneos*]" = "iPhone Developer";
				COPY_PHASE_STRIP = NO;
				DEBUG_INFORMATION_FORMAT = dwarf;
				ENABLE_STRICT_OBJC_MSGSEND = YES;
				ENABLE_TESTABILITY = YES;
				GCC_C_LANGUAGE_STANDARD = gnu99;
				GCC_DYNAMIC_NO_PIC = NO;
				GCC_NO_COMMON_BLOCKS = YES;
				GCC_OPTIMIZATION_LEVEL = 0;
				GCC_PREPROCESSOR_DEFINITIONS = (
					"DEBUG=1",
					"$(inherited)",
				);
				GCC_WARN_64_TO_32_BIT_CONVERSION = YES;
				GCC_WARN_ABOUT_RETURN_TYPE = YES_ERROR;
				GCC_WARN_UNDECLARED_SELECTOR = YES;
				GCC_WARN_UNINITIALIZED_AUTOS = YES_AGGRESSIVE;
				GCC_WARN_UNUSED_FUNCTION = YES;
				GCC_WARN_UNUSED_VARIABLE = YES;
				IPHONEOS_DEPLOYMENT_TARGET = 10.2;
				MTL_ENABLE_DEBUG_INFO = YES;
				ONLY_ACTIVE_ARCH = YES;
				SDKROOT = iphoneos;
				SWIFT_ACTIVE_COMPILATION_CONDITIONS = DEBUG;
				SWIFT_OPTIMIZATION_LEVEL = "-Onone";
			};
			name = Debug;
		};
		F2D96EBC1E7CBBCC005F32C7 /* Release */ = {
			isa = XCBuildConfiguration;
			buildSettings = {
				ALWAYS_SEARCH_USER_PATHS = NO;
				CLANG_ANALYZER_NONNULL = YES;
				CLANG_CXX_LANGUAGE_STANDARD = "gnu++0x";
				CLANG_CXX_LIBRARY = "libc++";
				CLANG_ENABLE_MODULES = YES;
				CLANG_ENABLE_OBJC_ARC = YES;
				CLANG_WARN_BOOL_CONVERSION = YES;
				CLANG_WARN_CONSTANT_CONVERSION = YES;
				CLANG_WARN_DIRECT_OBJC_ISA_USAGE = YES_ERROR;
				CLANG_WARN_DOCUMENTATION_COMMENTS = YES;
				CLANG_WARN_EMPTY_BODY = YES;
				CLANG_WARN_ENUM_CONVERSION = YES;
				CLANG_WARN_INFINITE_RECURSION = YES;
				CLANG_WARN_INT_CONVERSION = YES;
				CLANG_WARN_OBJC_ROOT_CLASS = YES_ERROR;
				CLANG_WARN_SUSPICIOUS_MOVE = YES;
				CLANG_WARN_UNREACHABLE_CODE = YES;
				CLANG_WARN__DUPLICATE_METHOD_MATCH = YES;
				"CODE_SIGN_IDENTITY[sdk=iphoneos*]" = "iPhone Developer";
				COPY_PHASE_STRIP = NO;
				DEBUG_INFORMATION_FORMAT = "dwarf-with-dsym";
				ENABLE_NS_ASSERTIONS = NO;
				ENABLE_STRICT_OBJC_MSGSEND = YES;
				GCC_C_LANGUAGE_STANDARD = gnu99;
				GCC_NO_COMMON_BLOCKS = YES;
				GCC_WARN_64_TO_32_BIT_CONVERSION = YES;
				GCC_WARN_ABOUT_RETURN_TYPE = YES_ERROR;
				GCC_WARN_UNDECLARED_SELECTOR = YES;
				GCC_WARN_UNINITIALIZED_AUTOS = YES_AGGRESSIVE;
				GCC_WARN_UNUSED_FUNCTION = YES;
				GCC_WARN_UNUSED_VARIABLE = YES;
				IPHONEOS_DEPLOYMENT_TARGET = 10.2;
				MTL_ENABLE_DEBUG_INFO = NO;
				SDKROOT = iphoneos;
				SWIFT_OPTIMIZATION_LEVEL = "-Owholemodule";
				VALIDATE_PRODUCT = YES;
			};
			name = Release;
		};
		F2D96EBE1E7CBBCC005F32C7 /* Debug */ = {
			isa = XCBuildConfiguration;
			buildSettings = {
				ASSETCATALOG_COMPILER_APPICON_NAME = AppIcon;
				DEVELOPMENT_TEAM = K565TGBZ43;
				INFOPLIST_FILE = Bullet/Info.plist;
				LD_RUNPATH_SEARCH_PATHS = "$(inherited) @executable_path/Frameworks";
				PRODUCT_BUNDLE_IDENTIFIER = com.andrewjiang.Bullet;
				PRODUCT_NAME = "$(TARGET_NAME)";
				SWIFT_VERSION = 3.0;
			};
			name = Debug;
		};
		F2D96EBF1E7CBBCC005F32C7 /* Release */ = {
			isa = XCBuildConfiguration;
			buildSettings = {
				ASSETCATALOG_COMPILER_APPICON_NAME = AppIcon;
				DEVELOPMENT_TEAM = K565TGBZ43;
				INFOPLIST_FILE = Bullet/Info.plist;
				LD_RUNPATH_SEARCH_PATHS = "$(inherited) @executable_path/Frameworks";
				PRODUCT_BUNDLE_IDENTIFIER = com.andrewjiang.Bullet;
				PRODUCT_NAME = "$(TARGET_NAME)";
				SWIFT_VERSION = 3.0;
			};
			name = Release;
		};
/* End XCBuildConfiguration section */

/* Begin XCConfigurationList section */
		F2D96EA31E7CBBCC005F32C7 /* Build configuration list for PBXProject "Bullet" */ = {
			isa = XCConfigurationList;
			buildConfigurations = (
				F2D96EBB1E7CBBCC005F32C7 /* Debug */,
				F2D96EBC1E7CBBCC005F32C7 /* Release */,
			);
			defaultConfigurationIsVisible = 0;
			defaultConfigurationName = Release;
		};
		F2D96EBD1E7CBBCC005F32C7 /* Build configuration list for PBXNativeTarget "Bullet" */ = {
			isa = XCConfigurationList;
			buildConfigurations = (
				F2D96EBE1E7CBBCC005F32C7 /* Debug */,
				F2D96EBF1E7CBBCC005F32C7 /* Release */,
			);
			defaultConfigurationIsVisible = 0;
			defaultConfigurationName = Release;
		};
/* End XCConfigurationList section */

/* Begin XCVersionGroup section */
		F2D96EB21E7CBBCC005F32C7 /* Bullet.xcdatamodeld */ = {
			isa = XCVersionGroup;
			children = (
				F2D96EB31E7CBBCC005F32C7 /* Bullet.xcdatamodel */,
			);
			currentVersion = F2D96EB31E7CBBCC005F32C7 /* Bullet.xcdatamodel */;
			path = Bullet.xcdatamodeld;
			sourceTree = "<group>";
			versionGroupType = wrapper.xcdatamodel;
		};
/* End XCVersionGroup section */
	};
	rootObject = F2D96EA01E7CBBCC005F32C7 /* Project object */;
}
